
Microsoft Visual Studio Solution File, Format Version 12.00
# Visual Studio Version 17
VisualStudioVersion = 17.9.34622.214
MinimumVisualStudioVersion = 10.0.40219.1
Project("{FAE04EC0-301F-11D3-BF4B-00C04F79EFBC}") = "24.2Taller2DSabadoSemana1", "24.2Taller2DSabadoSemana1.csproj", "{9C85F010-E47D-49D6-B49F-4D3F0419D956}"
EndProject
Global
	GlobalSection(SolutionConfigurationPlatforms) = preSolution
		Debug|Any CPU = Debug|Any CPU
		Release|Any CPU = Release|Any CPU
	EndGlobalSection
	GlobalSection(ProjectConfigurationPlatforms) = postSolution
		{9C85F010-E47D-49D6-B49F-4D3F0419D956}.Debug|Any CPU.ActiveCfg = Debug|Any CPU
		{9C85F010-E47D-49D6-B49F-4D3F0419D956}.Debug|Any CPU.Build.0 = Debug|Any CPU
		{9C85F010-E47D-49D6-B49F-4D3F0419D956}.Release|Any CPU.ActiveCfg = Release|Any CPU
		{9C85F010-E47D-49D6-B49F-4D3F0419D956}.Release|Any CPU.Build.0 = Release|Any CPU
	EndGlobalSection
	GlobalSection(SolutionProperties) = preSolution
		HideSolutionNode = FALSE
	EndGlobalSection
	GlobalSection(ExtensibilityGlobals) = postSolution
		SolutionGuid = {7205B13F-574F-4754-82BC-D1CF4F070A63}
	EndGlobalSection
EndGlobal
